# THIS IS AN AUTOGENERATED FILE. DO NOT EDIT THIS FILE DIRECTLY.
# yarn lockfile v1


base64-js@^1.5.1:
  version "1.5.1"
  resolved "https://registry.yarnpkg.com/base64-js/-/base64-js-1.5.1.tgz#1b1b440160a5bf7ad40b650f095963481903930a"
  integrity sha512-AKpaYlHn8t4SVbOHCy+b5+KKgvR4vrsD8vbvrbiQJps7fKDTkjkDry6ji0rUJjC0kzbNePLwzxq8iypo41qeWA==

plist@3.0.6:
  version "3.0.6"
  resolved "https://registry.yarnpkg.com/plist/-/plist-3.0.6.tgz#7cfb68a856a7834bca6dbfe3218eb9c7740145d3"
  integrity sha512-WiIVYyrp8TD4w8yCvyeIr+lkmrGRd5u0VbRnU+tP/aRLxP/YadJUYOMZJ/6hIa3oUyVCsycXvtNRgd5XBJIbiA==
  dependencies:
    base64-js "^1.5.1"
    xmlbuilder "^15.1.1"

xmlbuilder@^15.1.1:
  version "15.1.1"
  resolved "https://registry.yarnpkg.com/xmlbuilder/-/xmlbuilder-15.1.1.tgz#9dcdce49eea66d8d10b42cae94a79c3c8d0c2ec5"
  integrity sha512-yMqGBqtXyeN1e3TGYvgNgDVZ3j84W4cwkOXQswghol6APgZWaff9lnbvN7MHYJOiXsvGPXtjTYJEiC9J2wv9Eg==
